// !$*UTF8*$!
{
	archiveVersion = 1;
	classes = {
	};
	objectVersion = 56;
	objects = {

/* Begin PBXBuildFile section */
		472F200228998A1A00BBD888 /* Haptica in Frameworks */ = {isa = PBXBuildFile; productRef = 472F200128998A1A00BBD888 /* Haptica */; };
		472F200528998D7900BBD888 /* ActivityIndicatorView in Frameworks */ = {isa = PBXBuildFile; productRef = 472F200428998D7900BBD888 /* ActivityIndicatorView */; };
		4746554F289337B400D0960D /* CodeScanner in Frameworks */ = {isa = PBXBuildFile; productRef = 4746554E289337B400D0960D /* CodeScanner */; };
		47465552289859F000D0960D /* Stripes in Frameworks */ = {isa = PBXBuildFile; productRef = 47465551289859F000D0960D /* Stripes */; };
		4762F218289DA287003DF544 /* AlertToast in Frameworks */ = {isa = PBXBuildFile; productRef = 4762F217289DA287003DF544 /* AlertToast */; };
		4789F49A289180EF00741F37 /* BOWApp.swift in Sources */ = {isa = PBXBuildFile; fileRef = 4789F499289180EF00741F37 /* BOWApp.swift */; };
		4789F49C289180EF00741F37 /* ContentView.swift in Sources */ = {isa = PBXBuildFile; fileRef = 4789F49B289180EF00741F37 /* ContentView.swift */; };
		4789F49E289180F000741F37 /* Assets.xcassets in Resources */ = {isa = PBXBuildFile; fileRef = 4789F49D289180F000741F37 /* Assets.xcassets */; };
		4789F4A1289180F000741F37 /* Preview Assets.xcassets in Resources */ = {isa = PBXBuildFile; fileRef = 4789F4A0289180F000741F37 /* Preview Assets.xcassets */; };
		4789F4A82891810500741F37 /* AppState.swift in Sources */ = {isa = PBXBuildFile; fileRef = 4789F4A72891810500741F37 /* AppState.swift */; };
		4789F4AE2891847600741F37 /* BitcoinDevKit in Frameworks */ = {isa = PBXBuildFile; productRef = 4789F4AD2891847600741F37 /* BitcoinDevKit */; };
		4789F4B02891940F00741F37 /* ViewModifiers.swift in Sources */ = {isa = PBXBuildFile; fileRef = 4789F4AF2891940F00741F37 /* ViewModifiers.swift */; };
		4789F4B2289194B600741F37 /* Extensions.swift in Sources */ = {isa = PBXBuildFile; fileRef = 4789F4B1289194B600741F37 /* Extensions.swift */; };
		4789F4B4289199BF00741F37 /* PriceData.swift in Sources */ = {isa = PBXBuildFile; fileRef = 4789F4B3289199BF00741F37 /* PriceData.swift */; };
		4789F4B7289199CE00741F37 /* Starscream in Frameworks */ = {isa = PBXBuildFile; productRef = 4789F4B6289199CE00741F37 /* Starscream */; };
/* End PBXBuildFile section */

/* Begin PBXFileReference section */
		4789F496289180EF00741F37 /* BOW.app */ = {isa = PBXFileReference; explicitFileType = wrapper.application; includeInIndex = 0; path = BOW.app; sourceTree = BUILT_PRODUCTS_DIR; };
		4789F499289180EF00741F37 /* BOWApp.swift */ = {isa = PBXFileReference; lastKnownFileType = sourcecode.swift; path = BOWApp.swift; sourceTree = "<group>"; };
		4789F49B289180EF00741F37 /* ContentView.swift */ = {isa = PBXFileReference; lastKnownFileType = sourcecode.swift; path = ContentView.swift; sourceTree = "<group>"; };
		4789F49D289180F000741F37 /* Assets.xcassets */ = {isa = PBXFileReference; lastKnownFileType = folder.assetcatalog; path = Assets.xcassets; sourceTree = "<group>"; };
		4789F4A0289180F000741F37 /* Preview Assets.xcassets */ = {isa = PBXFileReference; lastKnownFileType = folder.assetcatalog; path = "Preview Assets.xcassets"; sourceTree = "<group>"; };
		4789F4A72891810500741F37 /* AppState.swift */ = {isa = PBXFileReference; lastKnownFileType = sourcecode.swift; path = AppState.swift; sourceTree = "<group>"; };
		4789F4AF2891940F00741F37 /* ViewModifiers.swift */ = {isa = PBXFileReference; lastKnownFileType = sourcecode.swift; path = ViewModifiers.swift; sourceTree = "<group>"; };
		4789F4B1289194B600741F37 /* Extensions.swift */ = {isa = PBXFileReference; lastKnownFileType = sourcecode.swift; path = Extensions.swift; sourceTree = "<group>"; };
		4789F4B3289199BF00741F37 /* PriceData.swift */ = {isa = PBXFileReference; lastKnownFileType = sourcecode.swift; path = PriceData.swift; sourceTree = "<group>"; };
/* End PBXFileReference section */

/* Begin PBXFrameworksBuildPhase section */
		4789F493289180EF00741F37 /* Frameworks */ = {
			isa = PBXFrameworksBuildPhase;
			buildActionMask = 2147483647;
			files = (
				4789F4AE2891847600741F37 /* BitcoinDevKit in Frameworks */,
				4762F218289DA287003DF544 /* AlertToast in Frameworks */,
				47465552289859F000D0960D /* Stripes in Frameworks */,
				4789F4B7289199CE00741F37 /* Starscream in Frameworks */,
				472F200228998A1A00BBD888 /* Haptica in Frameworks */,
				472F200528998D7900BBD888 /* ActivityIndicatorView in Frameworks */,
				4746554F289337B400D0960D /* CodeScanner in Frameworks */,
			);
			runOnlyForDeploymentPostprocessing = 0;
		};
/* End PBXFrameworksBuildPhase section */

/* Begin PBXGroup section */
		4789F48D289180EF00741F37 = {
			isa = PBXGroup;
			children = (
				4789F498289180EF00741F37 /* BOW */,
				4789F497289180EF00741F37 /* Products */,
			);
			sourceTree = "<group>";
		};
		4789F497289180EF00741F37 /* Products */ = {
			isa = PBXGroup;
			children = (
				4789F496289180EF00741F37 /* BOW.app */,
			);
			name = Products;
			sourceTree = "<group>";
		};
		4789F498289180EF00741F37 /* BOW */ = {
			isa = PBXGroup;
			children = (
				4789F499289180EF00741F37 /* BOWApp.swift */,
				4789F4A72891810500741F37 /* AppState.swift */,
				4789F4B3289199BF00741F37 /* PriceData.swift */,
				4789F49B289180EF00741F37 /* ContentView.swift */,
				4789F4AF2891940F00741F37 /* ViewModifiers.swift */,
				4789F4B1289194B600741F37 /* Extensions.swift */,
				4789F49D289180F000741F37 /* Assets.xcassets */,
				4789F49F289180F000741F37 /* Preview Content */,
			);
			path = BOW;
			sourceTree = "<group>";
		};
		4789F49F289180F000741F37 /* Preview Content */ = {
			isa = PBXGroup;
			children = (
				4789F4A0289180F000741F37 /* Preview Assets.xcassets */,
			);
			path = "Preview Content";
			sourceTree = "<group>";
		};
/* End PBXGroup section */

/* Begin PBXNativeTarget section */
		4789F495289180EF00741F37 /* BOW */ = {
			isa = PBXNativeTarget;
			buildConfigurationList = 4789F4A4289180F000741F37 /* Build configuration list for PBXNativeTarget "BOW" */;
			buildPhases = (
				4789F492289180EF00741F37 /* Sources */,
				4789F493289180EF00741F37 /* Frameworks */,
				4789F494289180EF00741F37 /* Resources */,
			);
			buildRules = (
			);
			dependencies = (
			);
			name = BOW;
			packageProductDependencies = (
				4789F4AD2891847600741F37 /* BitcoinDevKit */,
				4789F4B6289199CE00741F37 /* Starscream */,
				4746554E289337B400D0960D /* CodeScanner */,
				47465551289859F000D0960D /* Stripes */,
				472F200128998A1A00BBD888 /* Haptica */,
				472F200428998D7900BBD888 /* ActivityIndicatorView */,
				4762F217289DA287003DF544 /* AlertToast */,
			);
			productName = BOW;
			productReference = 4789F496289180EF00741F37 /* BOW.app */;
			productType = "com.apple.product-type.application";
		};
/* End PBXNativeTarget section */

/* Begin PBXProject section */
		4789F48E289180EF00741F37 /* Project object */ = {
			isa = PBXProject;
			attributes = {
				BuildIndependentTargetsInParallel = 1;
				LastSwiftUpdateCheck = 1400;
				LastUpgradeCheck = 1400;
				TargetAttributes = {
					4789F495289180EF00741F37 = {
						CreatedOnToolsVersion = 14.0;
					};
				};
			};
			buildConfigurationList = 4789F491289180EF00741F37 /* Build configuration list for PBXProject "BOW" */;
			compatibilityVersion = "Xcode 14.0";
			developmentRegion = en;
			hasScannedForEncodings = 0;
			knownRegions = (
				en,
				Base,
			);
			mainGroup = 4789F48D289180EF00741F37;
			packageReferences = (
				4789F4AC2891847600741F37 /* XCRemoteSwiftPackageReference "bdk-swift" */,
				4789F4B5289199CE00741F37 /* XCRemoteSwiftPackageReference "Starscream" */,
				4746554D289337B400D0960D /* XCRemoteSwiftPackageReference "CodeScanner" */,
				47465550289859F000D0960D /* XCRemoteSwiftPackageReference "Stripes" */,
				472F200028998A1A00BBD888 /* XCRemoteSwiftPackageReference "Haptica" */,
				472F200328998D7900BBD888 /* XCRemoteSwiftPackageReference "ActivityIndicatorView" */,
				4762F216289DA287003DF544 /* XCRemoteSwiftPackageReference "AlertToast" */,
			);
			productRefGroup = 4789F497289180EF00741F37 /* Products */;
			projectDirPath = "";
			projectRoot = "";
			targets = (
				4789F495289180EF00741F37 /* BOW */,
			);
		};
/* End PBXProject section */

/* Begin PBXResourcesBuildPhase section */
		4789F494289180EF00741F37 /* Resources */ = {
			isa = PBXResourcesBuildPhase;
			buildActionMask = 2147483647;
			files = (
				4789F4A1289180F000741F37 /* Preview Assets.xcassets in Resources */,
				4789F49E289180F000741F37 /* Assets.xcassets in Resources */,
			);
			runOnlyForDeploymentPostprocessing = 0;
		};
/* End PBXResourcesBuildPhase section */

/* Begin PBXSourcesBuildPhase section */
		4789F492289180EF00741F37 /* Sources */ = {
			isa = PBXSourcesBuildPhase;
			buildActionMask = 2147483647;
			files = (
				4789F4B2289194B600741F37 /* Extensions.swift in Sources */,
				4789F4B4289199BF00741F37 /* PriceData.swift in Sources */,
				4789F4A82891810500741F37 /* AppState.swift in Sources */,
				4789F49C289180EF00741F37 /* ContentView.swift in Sources */,
				4789F49A289180EF00741F37 /* BOWApp.swift in Sources */,
				4789F4B02891940F00741F37 /* ViewModifiers.swift in Sources */,
			);
			runOnlyForDeploymentPostprocessing = 0;
		};
/* End PBXSourcesBuildPhase section */

/* Begin XCBuildConfiguration section */
		4789F4A2289180F000741F37 /* Debug */ = {
			isa = XCBuildConfiguration;
			buildSettings = {
				ALWAYS_SEARCH_USER_PATHS = NO;
				CLANG_ANALYZER_NONNULL = YES;
				CLANG_ANALYZER_NUMBER_OBJECT_CONVERSION = YES_AGGRESSIVE;
				CLANG_CXX_LANGUAGE_STANDARD = "gnu++20";
				CLANG_ENABLE_MODULES = YES;
				CLANG_ENABLE_OBJC_ARC = YES;
				CLANG_ENABLE_OBJC_WEAK = YES;
				CLANG_WARN_BLOCK_CAPTURE_AUTORELEASING = YES;
				CLANG_WARN_BOOL_CONVERSION = YES;
				CLANG_WARN_COMMA = YES;
				CLANG_WARN_CONSTANT_CONVERSION = YES;
				CLANG_WARN_DEPRECATED_OBJC_IMPLEMENTATIONS = YES;
				CLANG_WARN_DIRECT_OBJC_ISA_USAGE = YES_ERROR;
				CLANG_WARN_DOCUMENTATION_COMMENTS = YES;
				CLANG_WARN_EMPTY_BODY = YES;
				CLANG_WARN_ENUM_CONVERSION = YES;
				CLANG_WARN_INFINITE_RECURSION = YES;
				CLANG_WARN_INT_CONVERSION = YES;
				CLANG_WARN_NON_LITERAL_NULL_CONVERSION = YES;
				CLANG_WARN_OBJC_IMPLICIT_RETAIN_SELF = YES;
				CLANG_WARN_OBJC_LITERAL_CONVERSION = YES;
				CLANG_WARN_OBJC_ROOT_CLASS = YES_ERROR;
				CLANG_WARN_QUOTED_INCLUDE_IN_FRAMEWORK_HEADER = YES;
				CLANG_WARN_RANGE_LOOP_ANALYSIS = YES;
				CLANG_WARN_STRICT_PROTOTYPES = YES;
				CLANG_WARN_SUSPICIOUS_MOVE = YES;
				CLANG_WARN_UNGUARDED_AVAILABILITY = YES_AGGRESSIVE;
				CLANG_WARN_UNREACHABLE_CODE = YES;
				CLANG_WARN__DUPLICATE_METHOD_MATCH = YES;
				COPY_PHASE_STRIP = NO;
				DEBUG_INFORMATION_FORMAT = dwarf;
				ENABLE_STRICT_OBJC_MSGSEND = YES;
				ENABLE_TESTABILITY = YES;
				GCC_C_LANGUAGE_STANDARD = gnu11;
				GCC_DYNAMIC_NO_PIC = NO;
				GCC_NO_COMMON_BLOCKS = YES;
				GCC_OPTIMIZATION_LEVEL = 0;
				GCC_PREPROCESSOR_DEFINITIONS = (
					"DEBUG=1",
					"$(inherited)",
				);
				GCC_WARN_64_TO_32_BIT_CONVERSION = YES;
				GCC_WARN_ABOUT_RETURN_TYPE = YES_ERROR;
				GCC_WARN_UNDECLARED_SELECTOR = YES;
				GCC_WARN_UNINITIALIZED_AUTOS = YES_AGGRESSIVE;
				GCC_WARN_UNUSED_FUNCTION = YES;
				GCC_WARN_UNUSED_VARIABLE = YES;
				IPHONEOS_DEPLOYMENT_TARGET = 16.0;
				MTL_ENABLE_DEBUG_INFO = INCLUDE_SOURCE;
				MTL_FAST_MATH = YES;
				ONLY_ACTIVE_ARCH = YES;
				SDKROOT = iphoneos;
				SWIFT_ACTIVE_COMPILATION_CONDITIONS = DEBUG;
				SWIFT_OPTIMIZATION_LEVEL = "-Onone";
			};
			name = Debug;
		};
		4789F4A3289180F000741F37 /* Release */ = {
			isa = XCBuildConfiguration;
			buildSettings = {
				ALWAYS_SEARCH_USER_PATHS = NO;
				CLANG_ANALYZER_NONNULL = YES;
				CLANG_ANALYZER_NUMBER_OBJECT_CONVERSION = YES_AGGRESSIVE;
				CLANG_CXX_LANGUAGE_STANDARD = "gnu++20";
				CLANG_ENABLE_MODULES = YES;
				CLANG_ENABLE_OBJC_ARC = YES;
				CLANG_ENABLE_OBJC_WEAK = YES;
				CLANG_WARN_BLOCK_CAPTURE_AUTORELEASING = YES;
				CLANG_WARN_BOOL_CONVERSION = YES;
				CLANG_WARN_COMMA = YES;
				CLANG_WARN_CONSTANT_CONVERSION = YES;
				CLANG_WARN_DEPRECATED_OBJC_IMPLEMENTATIONS = YES;
				CLANG_WARN_DIRECT_OBJC_ISA_USAGE = YES_ERROR;
				CLANG_WARN_DOCUMENTATION_COMMENTS = YES;
				CLANG_WARN_EMPTY_BODY = YES;
				CLANG_WARN_ENUM_CONVERSION = YES;
				CLANG_WARN_INFINITE_RECURSION = YES;
				CLANG_WARN_INT_CONVERSION = YES;
				CLANG_WARN_NON_LITERAL_NULL_CONVERSION = YES;
				CLANG_WARN_OBJC_IMPLICIT_RETAIN_SELF = YES;
				CLANG_WARN_OBJC_LITERAL_CONVERSION = YES;
				CLANG_WARN_OBJC_ROOT_CLASS = YES_ERROR;
				CLANG_WARN_QUOTED_INCLUDE_IN_FRAMEWORK_HEADER = YES;
				CLANG_WARN_RANGE_LOOP_ANALYSIS = YES;
				CLANG_WARN_STRICT_PROTOTYPES = YES;
				CLANG_WARN_SUSPICIOUS_MOVE = YES;
				CLANG_WARN_UNGUARDED_AVAILABILITY = YES_AGGRESSIVE;
				CLANG_WARN_UNREACHABLE_CODE = YES;
				CLANG_WARN__DUPLICATE_METHOD_MATCH = YES;
				COPY_PHASE_STRIP = NO;
				DEBUG_INFORMATION_FORMAT = "dwarf-with-dsym";
				ENABLE_NS_ASSERTIONS = NO;
				ENABLE_STRICT_OBJC_MSGSEND = YES;
				GCC_C_LANGUAGE_STANDARD = gnu11;
				GCC_NO_COMMON_BLOCKS = YES;
				GCC_WARN_64_TO_32_BIT_CONVERSION = YES;
				GCC_WARN_ABOUT_RETURN_TYPE = YES_ERROR;
				GCC_WARN_UNDECLARED_SELECTOR = YES;
				GCC_WARN_UNINITIALIZED_AUTOS = YES_AGGRESSIVE;
				GCC_WARN_UNUSED_FUNCTION = YES;
				GCC_WARN_UNUSED_VARIABLE = YES;
				IPHONEOS_DEPLOYMENT_TARGET = 16.0;
				MTL_ENABLE_DEBUG_INFO = NO;
				MTL_FAST_MATH = YES;
				SDKROOT = iphoneos;
				SWIFT_COMPILATION_MODE = wholemodule;
				SWIFT_OPTIMIZATION_LEVEL = "-O";
				VALIDATE_PRODUCT = YES;
			};
			name = Release;
		};
		4789F4A5289180F000741F37 /* Debug */ = {
			isa = XCBuildConfiguration;
			buildSettings = {
				ASSETCATALOG_COMPILER_APPICON_NAME = AppIcon;
				ASSETCATALOG_COMPILER_GLOBAL_ACCENT_COLOR_NAME = AccentColor;
				CODE_SIGN_STYLE = Automatic;
				CURRENT_PROJECT_VERSION = 1;
				DEVELOPMENT_ASSET_PATHS = "\"BOW/Preview Content\"";
				DEVELOPMENT_TEAM = MHMRS5FLW6;
				ENABLE_PREVIEWS = YES;
				GENERATE_INFOPLIST_FILE = YES;
				INFOPLIST_KEY_NSCameraUsageDescription = "The camera is used to scan QR codes for transfers";
				INFOPLIST_KEY_UIApplicationSceneManifest_Generation = YES;
				INFOPLIST_KEY_UIApplicationSupportsIndirectInputEvents = YES;
				INFOPLIST_KEY_UILaunchScreen_Generation = YES;
				INFOPLIST_KEY_UISupportedInterfaceOrientations_iPad = "UIInterfaceOrientationPortrait UIInterfaceOrientationPortraitUpsideDown UIInterfaceOrientationLandscapeLeft UIInterfaceOrientationLandscapeRight";
				INFOPLIST_KEY_UISupportedInterfaceOrientations_iPhone = "UIInterfaceOrientationPortrait UIInterfaceOrientationLandscapeLeft UIInterfaceOrientationLandscapeRight";
				LD_RUNPATH_SEARCH_PATHS = (
					"$(inherited)",
					"@executable_path/Frameworks",
				);
				MARKETING_VERSION = 1.0;
				PRODUCT_BUNDLE_IDENTIFIER = com.galaxoidlabs.BOW;
				PRODUCT_NAME = "$(TARGET_NAME)";
				SWIFT_EMIT_LOC_STRINGS = YES;
				SWIFT_VERSION = 5.0;
				TARGETED_DEVICE_FAMILY = "1,2";
			};
			name = Debug;
		};
		4789F4A6289180F000741F37 /* Release */ = {
			isa = XCBuildConfiguration;
			buildSettings = {
				ASSETCATALOG_COMPILER_APPICON_NAME = AppIcon;
				ASSETCATALOG_COMPILER_GLOBAL_ACCENT_COLOR_NAME = AccentColor;
				CODE_SIGN_STYLE = Automatic;
				CURRENT_PROJECT_VERSION = 1;
				DEVELOPMENT_ASSET_PATHS = "\"BOW/Preview Content\"";
				DEVELOPMENT_TEAM = MHMRS5FLW6;
				ENABLE_PREVIEWS = YES;
				GENERATE_INFOPLIST_FILE = YES;
				INFOPLIST_KEY_NSCameraUsageDescription = "The camera is used to scan QR codes for transfers";
				INFOPLIST_KEY_UIApplicationSceneManifest_Generation = YES;
				INFOPLIST_KEY_UIApplicationSupportsIndirectInputEvents = YES;
				INFOPLIST_KEY_UILaunchScreen_Generation = YES;
				INFOPLIST_KEY_UISupportedInterfaceOrientations_iPad = "UIInterfaceOrientationPortrait UIInterfaceOrientationPortraitUpsideDown UIInterfaceOrientationLandscapeLeft UIInterfaceOrientationLandscapeRight";
				INFOPLIST_KEY_UISupportedInterfaceOrientations_iPhone = "UIInterfaceOrientationPortrait UIInterfaceOrientationLandscapeLeft UIInterfaceOrientationLandscapeRight";
				LD_RUNPATH_SEARCH_PATHS = (
					"$(inherited)",
					"@executable_path/Frameworks",
				);
				MARKETING_VERSION = 1.0;
				PRODUCT_BUNDLE_IDENTIFIER = com.galaxoidlabs.BOW;
				PRODUCT_NAME = "$(TARGET_NAME)";
				SWIFT_EMIT_LOC_STRINGS = YES;
				SWIFT_VERSION = 5.0;
				TARGETED_DEVICE_FAMILY = "1,2";
			};
			name = Release;
		};
/* End XCBuildConfiguration section */

/* Begin XCConfigurationList section */
		4789F491289180EF00741F37 /* Build configuration list for PBXProject "BOW" */ = {
			isa = XCConfigurationList;
			buildConfigurations = (
				4789F4A2289180F000741F37 /* Debug */,
				4789F4A3289180F000741F37 /* Release */,
			);
			defaultConfigurationIsVisible = 0;
			defaultConfigurationName = Release;
		};
		4789F4A4289180F000741F37 /* Build configuration list for PBXNativeTarget "BOW" */ = {
			isa = XCConfigurationList;
			buildConfigurations = (
				4789F4A5289180F000741F37 /* Debug */,
				4789F4A6289180F000741F37 /* Release */,
			);
			defaultConfigurationIsVisible = 0;
			defaultConfigurationName = Release;
		};
/* End XCConfigurationList section */

/* Begin XCRemoteSwiftPackageReference section */
		472F200028998A1A00BBD888 /* XCRemoteSwiftPackageReference "Haptica" */ = {
			isa = XCRemoteSwiftPackageReference;
			repositoryURL = "https://github.com/efremidze/Haptica.git";
			requirement = {
				kind = upToNextMajorVersion;
				minimumVersion = 3.0.0;
			};
		};
		472F200328998D7900BBD888 /* XCRemoteSwiftPackageReference "ActivityIndicatorView" */ = {
			isa = XCRemoteSwiftPackageReference;
			repositoryURL = "https://github.com/exyte/ActivityIndicatorView.git";
			requirement = {
				kind = upToNextMajorVersion;
				minimumVersion = 1.0.0;
			};
		};
		4746554D289337B400D0960D /* XCRemoteSwiftPackageReference "CodeScanner" */ = {
			isa = XCRemoteSwiftPackageReference;
			repositoryURL = "https://github.com/twostraws/CodeScanner.git";
			requirement = {
				kind = upToNextMajorVersion;
				minimumVersion = 2.0.0;
			};
		};
		47465550289859F000D0960D /* XCRemoteSwiftPackageReference "Stripes" */ = {
			isa = XCRemoteSwiftPackageReference;
			repositoryURL = "https://github.com/eneko/Stripes.git";
			requirement = {
				kind = upToNextMajorVersion;
				minimumVersion = 0.2.0;
			};
		};
		4762F216289DA287003DF544 /* XCRemoteSwiftPackageReference "AlertToast" */ = {
			isa = XCRemoteSwiftPackageReference;
			repositoryURL = "https://github.com/elai950/AlertToast.git";
			requirement = {
				kind = upToNextMajorVersion;
				minimumVersion = 1.0.0;
			};
		};
		4789F4AC2891847600741F37 /* XCRemoteSwiftPackageReference "bdk-swift" */ = {
			isa = XCRemoteSwiftPackageReference;
			repositoryURL = "https://github.com/bitcoindevkit/bdk-swift.git";
			requirement = {
				kind = upToNextMajorVersion;
				minimumVersion = 0.4.0;
			};
		};
		4789F4B5289199CE00741F37 /* XCRemoteSwiftPackageReference "Starscream" */ = {
			isa = XCRemoteSwiftPackageReference;
			repositoryURL = "https://github.com/daltoniam/Starscream.git";
			requirement = {
				branch = master;
				kind = branch;
			};
		};
/* End XCRemoteSwiftPackageReference section */

/* Begin XCSwiftPackageProductDependency section */
		472F200128998A1A00BBD888 /* Haptica */ = {
			isa = XCSwiftPackageProductDependency;
			package = 472F200028998A1A00BBD888 /* XCRemoteSwiftPackageReference "Haptica" */;
			productName = Haptica;
		};
		472F200428998D7900BBD888 /* ActivityIndicatorView */ = {
			isa = XCSwiftPackageProductDependency;
			package = 472F200328998D7900BBD888 /* XCRemoteSwiftPackageReference "ActivityIndicatorView" */;
			productName = ActivityIndicatorView;
		};
		4746554E289337B400D0960D /* CodeScanner */ = {
			isa = XCSwiftPackageProductDependency;
			package = 4746554D289337B400D0960D /* XCRemoteSwiftPackageReference "CodeScanner" */;
			productName = CodeScanner;
		};
		47465551289859F000D0960D /* Stripes */ = {
			isa = XCSwiftPackageProductDependency;
			package = 47465550289859F000D0960D /* XCRemoteSwiftPackageReference "Stripes" */;
			productName = Stripes;
		};
		4762F217289DA287003DF544 /* AlertToast */ = {
			isa = XCSwiftPackageProductDependency;
			package = 4762F216289DA287003DF544 /* XCRemoteSwiftPackageReference "AlertToast" */;
			productName = AlertToast;
		};
		4789F4AD2891847600741F37 /* BitcoinDevKit */ = {
			isa = XCSwiftPackageProductDependency;
			package = 4789F4AC2891847600741F37 /* XCRemoteSwiftPackageReference "bdk-swift" */;
			productName = BitcoinDevKit;
		};
		4789F4B6289199CE00741F37 /* Starscream */ = {
			isa = XCSwiftPackageProductDependency;
			package = 4789F4B5289199CE00741F37 /* XCRemoteSwiftPackageReference "Starscream" */;
			productName = Starscream;
		};
/* End XCSwiftPackageProductDependency section */
	};
	rootObject = 4789F48E289180EF00741F37 /* Project object */;
}
